
Microsoft Visual Studio Solution File, Format Version 9.00
# Visual Studio 2005
Project("{FAE04EC0-301F-11D3-BF4B-00C04F79EFBC}") = "WilsonORWrapper", "WilsonORWrapper\WilsonORWrapper.csproj", "{29BF6A2B-33B3-44CE-9CF7-B69B68C8BA30}"
EndProject
Project("{FAE04EC0-301F-11D3-BF4B-00C04F79EFBC}") = "WilsonORWrapper.Logging.NLog", "WilsonORWrapper.Logging.NLog\WilsonORWrapper.Logging.NLog.csproj", "{FB0E0978-FE6D-442D-89CA-AEAE5C331F67}"
EndProject
Project("{FAE04EC0-301F-11D3-BF4B-00C04F79EFBC}") = "WilsonORWrapper.Caching.Memcached", "WilsonORWrapper.Caching.Memcached\WilsonORWrapper.Caching.Memcached.csproj", "{F89FA17F-6462-4E3C-B48D-C4ABCB3BF3F7}"
EndProject
Project("{FAE04EC0-301F-11D3-BF4B-00C04F79EFBC}") = "WilsonORWrapper.Tests", "WilsonORWrapper.Tests\WilsonORWrapper.Tests.csproj", "{B9B7DD5C-E218-443D-B17D-6EEB17545D3A}"
EndProject
Project("{FAE04EC0-301F-11D3-BF4B-00C04F79EFBC}") = "WilsonORWrapper.Logging.Log4Net", "WilsonORWrapper.Logging.Log4Net\WilsonORWrapper.Logging.Log4Net.csproj", "{391E8C90-1E99-4C60-B08B-76D5C4951D07}"
EndProject
Project("{2150E333-8FDC-42A3-9474-1A3956D46DE8}") = "Solution Items", "Solution Items", "{48BC4FEA-3850-4966-B242-0AEC8BB18F64}"
	ProjectSection(SolutionItems) = preProject
		changes.txt = changes.txt
		default.build = default.build
		readme.txt = readme.txt
		tests.nunit = tests.nunit
		todo.txt = todo.txt
		usecases.txt = usecases.txt
	EndProjectSection
EndProject
Global
	GlobalSection(SolutionConfigurationPlatforms) = preSolution
		Debug|Any CPU = Debug|Any CPU
		Release|Any CPU = Release|Any CPU
	EndGlobalSection
	GlobalSection(ProjectConfigurationPlatforms) = postSolution
		{29BF6A2B-33B3-44CE-9CF7-B69B68C8BA30}.Debug|Any CPU.ActiveCfg = Debug|Any CPU
		{29BF6A2B-33B3-44CE-9CF7-B69B68C8BA30}.Debug|Any CPU.Build.0 = Debug|Any CPU
		{29BF6A2B-33B3-44CE-9CF7-B69B68C8BA30}.Release|Any CPU.ActiveCfg = Release|Any CPU
		{29BF6A2B-33B3-44CE-9CF7-B69B68C8BA30}.Release|Any CPU.Build.0 = Release|Any CPU
		{FB0E0978-FE6D-442D-89CA-AEAE5C331F67}.Debug|Any CPU.ActiveCfg = Debug|Any CPU
		{FB0E0978-FE6D-442D-89CA-AEAE5C331F67}.Debug|Any CPU.Build.0 = Debug|Any CPU
		{FB0E0978-FE6D-442D-89CA-AEAE5C331F67}.Release|Any CPU.ActiveCfg = Release|Any CPU
		{FB0E0978-FE6D-442D-89CA-AEAE5C331F67}.Release|Any CPU.Build.0 = Release|Any CPU
		{F89FA17F-6462-4E3C-B48D-C4ABCB3BF3F7}.Debug|Any CPU.ActiveCfg = Debug|Any CPU
		{F89FA17F-6462-4E3C-B48D-C4ABCB3BF3F7}.Debug|Any CPU.Build.0 = Debug|Any CPU
		{F89FA17F-6462-4E3C-B48D-C4ABCB3BF3F7}.Release|Any CPU.ActiveCfg = Release|Any CPU
		{F89FA17F-6462-4E3C-B48D-C4ABCB3BF3F7}.Release|Any CPU.Build.0 = Release|Any CPU
		{B9B7DD5C-E218-443D-B17D-6EEB17545D3A}.Debug|Any CPU.ActiveCfg = Debug|Any CPU
		{B9B7DD5C-E218-443D-B17D-6EEB17545D3A}.Debug|Any CPU.Build.0 = Debug|Any CPU
		{B9B7DD5C-E218-443D-B17D-6EEB17545D3A}.Release|Any CPU.ActiveCfg = Release|Any CPU
		{391E8C90-1E99-4C60-B08B-76D5C4951D07}.Debug|Any CPU.ActiveCfg = Debug|Any CPU
		{391E8C90-1E99-4C60-B08B-76D5C4951D07}.Debug|Any CPU.Build.0 = Debug|Any CPU
		{391E8C90-1E99-4C60-B08B-76D5C4951D07}.Release|Any CPU.ActiveCfg = Release|Any CPU
		{391E8C90-1E99-4C60-B08B-76D5C4951D07}.Release|Any CPU.Build.0 = Release|Any CPU
	EndGlobalSection
	GlobalSection(SolutionProperties) = preSolution
		HideSolutionNode = FALSE
	EndGlobalSection
EndGlobal
